
Microsoft Visual Studio Solution File, Format Version 12.00
# Visual Studio Version 16
VisualStudioVersion = 16.0.30517.126
MinimumVisualStudioVersion = 10.0.40219.1
Project("{FAE04EC0-301F-11D3-BF4B-00C04F79EFBC}") = "Game", "Game\Game.csproj", "{AD0B016D-2EE0-4D34-96D1-9D3A24F79379}"
EndProject
Project("{FAE04EC0-301F-11D3-BF4B-00C04F79EFBC}") = "WSLibrary", "WSLibrary\WSLibrary\WSLibrary.csproj", "{99FF9B8F-D58F-45E9-B3F5-E4014E84DADB}"
EndProject
Global
	GlobalSection(SolutionConfigurationPlatforms) = preSolution
		Debug|Any CPU = Debug|Any CPU
		Release|Any CPU = Release|Any CPU
	EndGlobalSection
	GlobalSection(ProjectConfigurationPlatforms) = postSolution
		{AD0B016D-2EE0-4D34-96D1-9D3A24F79379}.Debug|Any CPU.ActiveCfg = Debug|Any CPU
		{AD0B016D-2EE0-4D34-96D1-9D3A24F79379}.Debug|Any CPU.Build.0 = Debug|Any CPU
		{AD0B016D-2EE0-4D34-96D1-9D3A24F79379}.Release|Any CPU.ActiveCfg = Release|Any CPU
		{AD0B016D-2EE0-4D34-96D1-9D3A24F79379}.Release|Any CPU.Build.0 = Release|Any CPU
		{99FF9B8F-D58F-45E9-B3F5-E4014E84DADB}.Debug|Any CPU.ActiveCfg = Debug|Any CPU
		{99FF9B8F-D58F-45E9-B3F5-E4014E84DADB}.Debug|Any CPU.Build.0 = Debug|Any CPU
		{99FF9B8F-D58F-45E9-B3F5-E4014E84DADB}.Release|Any CPU.ActiveCfg = Release|Any CPU
		{99FF9B8F-D58F-45E9-B3F5-E4014E84DADB}.Release|Any CPU.Build.0 = Release|Any CPU
	EndGlobalSection
	GlobalSection(SolutionProperties) = preSolution
		HideSolutionNode = FALSE
	EndGlobalSection
	GlobalSection(ExtensibilityGlobals) = postSolution
		SolutionGuid = {7D595A58-48B8-48FF-A94E-7734048FB092}
	EndGlobalSection
EndGlobal
